
Microsoft Visual Studio Solution File, Format Version 12.00
# Visual Studio Version 17
VisualStudioVersion = 17.11.35208.52
MinimumVisualStudioVersion = 10.0.40219.1
Project("{8BC9CEB8-8B4A-11D0-8D11-00A0C91BC942}") = "06_02_tsikl-while", "06_02_tsikl-while.vcxproj", "{A60F09C3-E0A9-4417-A4FA-51D14460CC46}"
EndProject
Global
	GlobalSection(SolutionConfigurationPlatforms) = preSolution
		Debug|x64 = Debug|x64
		Debug|x86 = Debug|x86
		Release|x64 = Release|x64
		Release|x86 = Release|x86
	EndGlobalSection
	GlobalSection(ProjectConfigurationPlatforms) = postSolution
		{A60F09C3-E0A9-4417-A4FA-51D14460CC46}.Debug|x64.ActiveCfg = Debug|x64
		{A60F09C3-E0A9-4417-A4FA-51D14460CC46}.Debug|x64.Build.0 = Debug|x64
		{A60F09C3-E0A9-4417-A4FA-51D14460CC46}.Debug|x86.ActiveCfg = Debug|Win32
		{A60F09C3-E0A9-4417-A4FA-51D14460CC46}.Debug|x86.Build.0 = Debug|Win32
		{A60F09C3-E0A9-4417-A4FA-51D14460CC46}.Release|x64.ActiveCfg = Release|x64
		{A60F09C3-E0A9-4417-A4FA-51D14460CC46}.Release|x64.Build.0 = Release|x64
		{A60F09C3-E0A9-4417-A4FA-51D14460CC46}.Release|x86.ActiveCfg = Release|Win32
		{A60F09C3-E0A9-4417-A4FA-51D14460CC46}.Release|x86.Build.0 = Release|Win32
	EndGlobalSection
	GlobalSection(SolutionProperties) = preSolution
		HideSolutionNode = FALSE
	EndGlobalSection
	GlobalSection(ExtensibilityGlobals) = postSolution
		SolutionGuid = {71BABF0B-6008-4A73-B6CF-7BD45F998D39}
	EndGlobalSection
EndGlobal
