
Microsoft Visual Studio Solution File, Format Version 12.00
# Visual Studio Version 17
VisualStudioVersion = 17.11.35208.52
MinimumVisualStudioVersion = 10.0.40219.1
Project("{8BC9CEB8-8B4A-11D0-8D11-00A0C91BC942}") = "04_02_rabota-s-tiekstovymi-failami-i-potokami", "04_02_rabota-s-tiekstovymi-failami-i-potokami.vcxproj", "{1A4530C8-3DD6-4D85-A190-B53378F96267}"
EndProject
Global
	GlobalSection(SolutionConfigurationPlatforms) = preSolution
		Debug|x64 = Debug|x64
		Debug|x86 = Debug|x86
		Release|x64 = Release|x64
		Release|x86 = Release|x86
	EndGlobalSection
	GlobalSection(ProjectConfigurationPlatforms) = postSolution
		{1A4530C8-3DD6-4D85-A190-B53378F96267}.Debug|x64.ActiveCfg = Debug|x64
		{1A4530C8-3DD6-4D85-A190-B53378F96267}.Debug|x64.Build.0 = Debug|x64
		{1A4530C8-3DD6-4D85-A190-B53378F96267}.Debug|x86.ActiveCfg = Debug|Win32
		{1A4530C8-3DD6-4D85-A190-B53378F96267}.Debug|x86.Build.0 = Debug|Win32
		{1A4530C8-3DD6-4D85-A190-B53378F96267}.Release|x64.ActiveCfg = Release|x64
		{1A4530C8-3DD6-4D85-A190-B53378F96267}.Release|x64.Build.0 = Release|x64
		{1A4530C8-3DD6-4D85-A190-B53378F96267}.Release|x86.ActiveCfg = Release|Win32
		{1A4530C8-3DD6-4D85-A190-B53378F96267}.Release|x86.Build.0 = Release|Win32
	EndGlobalSection
	GlobalSection(SolutionProperties) = preSolution
		HideSolutionNode = FALSE
	EndGlobalSection
	GlobalSection(ExtensibilityGlobals) = postSolution
		SolutionGuid = {401F1268-BD5B-4C78-BDD8-BE8B1C8AD9E1}
	EndGlobalSection
EndGlobal
