
Microsoft Visual Studio Solution File, Format Version 12.00
# Visual Studio Version 17
VisualStudioVersion = 17.11.35208.52
MinimumVisualStudioVersion = 10.0.40219.1
Project("{8BC9CEB8-8B4A-11D0-8D11-00A0C91BC942}") = "04_02_04_opieratory-vvoda-vyvoda-i-zapis-v-koniets-faila", "04_02_04_opieratory-vvoda-vyvoda-i-zapis-v-koniets-faila.vcxproj", "{1D00F907-23DA-4EF1-9B2F-3AA76B787B8E}"
EndProject
Global
	GlobalSection(SolutionConfigurationPlatforms) = preSolution
		Debug|x64 = Debug|x64
		Debug|x86 = Debug|x86
		Release|x64 = Release|x64
		Release|x86 = Release|x86
	EndGlobalSection
	GlobalSection(ProjectConfigurationPlatforms) = postSolution
		{1D00F907-23DA-4EF1-9B2F-3AA76B787B8E}.Debug|x64.ActiveCfg = Debug|x64
		{1D00F907-23DA-4EF1-9B2F-3AA76B787B8E}.Debug|x64.Build.0 = Debug|x64
		{1D00F907-23DA-4EF1-9B2F-3AA76B787B8E}.Debug|x86.ActiveCfg = Debug|Win32
		{1D00F907-23DA-4EF1-9B2F-3AA76B787B8E}.Debug|x86.Build.0 = Debug|Win32
		{1D00F907-23DA-4EF1-9B2F-3AA76B787B8E}.Release|x64.ActiveCfg = Release|x64
		{1D00F907-23DA-4EF1-9B2F-3AA76B787B8E}.Release|x64.Build.0 = Release|x64
		{1D00F907-23DA-4EF1-9B2F-3AA76B787B8E}.Release|x86.ActiveCfg = Release|Win32
		{1D00F907-23DA-4EF1-9B2F-3AA76B787B8E}.Release|x86.Build.0 = Release|Win32
	EndGlobalSection
	GlobalSection(SolutionProperties) = preSolution
		HideSolutionNode = FALSE
	EndGlobalSection
	GlobalSection(ExtensibilityGlobals) = postSolution
		SolutionGuid = {1212F129-007B-41CA-8527-7D37E75DF007}
	EndGlobalSection
EndGlobal
